
Microsoft Visual Studio Solution File, Format Version 12.00
# Visual Studio Version 17
VisualStudioVersion = 17.9.34723.18
MinimumVisualStudioVersion = 10.0.40219.1
Project("{FAE04EC0-301F-11D3-BF4B-00C04F79EFBC}") = "CalculatorUsingSOAP", "CalculatorUsingSOAP.csproj", "{BCFABE47-12B7-4B4C-9FB1-715D8D58E8DF}"
EndProject
Global
	GlobalSection(SolutionConfigurationPlatforms) = preSolution
		Debug|Any CPU = Debug|Any CPU
		Release|Any CPU = Release|Any CPU
	EndGlobalSection
	GlobalSection(ProjectConfigurationPlatforms) = postSolution
		{BCFABE47-12B7-4B4C-9FB1-715D8D58E8DF}.Debug|Any CPU.ActiveCfg = Debug|Any CPU
		{BCFABE47-12B7-4B4C-9FB1-715D8D58E8DF}.Debug|Any CPU.Build.0 = Debug|Any CPU
		{BCFABE47-12B7-4B4C-9FB1-715D8D58E8DF}.Release|Any CPU.ActiveCfg = Release|Any CPU
		{BCFABE47-12B7-4B4C-9FB1-715D8D58E8DF}.Release|Any CPU.Build.0 = Release|Any CPU
	EndGlobalSection
	GlobalSection(SolutionProperties) = preSolution
		HideSolutionNode = FALSE
	EndGlobalSection
	GlobalSection(ExtensibilityGlobals) = postSolution
		SolutionGuid = {7AB07CF3-1821-46D7-B78F-AB555C2A072E}
	EndGlobalSection
EndGlobal
